
Microsoft Visual Studio Solution File, Format Version 12.00
# Visual Studio Version 16
VisualStudioVersion = 16.0.31702.278
MinimumVisualStudioVersion = 10.0.40219.1
Project("{FAE04EC0-301F-11D3-BF4B-00C04F79EFBC}") = "PatrikBuzi", "PatrikBuzi\PatrikBuzi.csproj", "{44F6DDFC-122F-4116-8B9A-CA67D22B6F4E}"
EndProject
Global
	GlobalSection(SolutionConfigurationPlatforms) = preSolution
		Debug|Any CPU = Debug|Any CPU
		Release|Any CPU = Release|Any CPU
	EndGlobalSection
	GlobalSection(ProjectConfigurationPlatforms) = postSolution
		{44F6DDFC-122F-4116-8B9A-CA67D22B6F4E}.Debug|Any CPU.ActiveCfg = Debug|Any CPU
		{44F6DDFC-122F-4116-8B9A-CA67D22B6F4E}.Debug|Any CPU.Build.0 = Debug|Any CPU
		{44F6DDFC-122F-4116-8B9A-CA67D22B6F4E}.Release|Any CPU.ActiveCfg = Release|Any CPU
		{44F6DDFC-122F-4116-8B9A-CA67D22B6F4E}.Release|Any CPU.Build.0 = Release|Any CPU
	EndGlobalSection
	GlobalSection(SolutionProperties) = preSolution
		HideSolutionNode = FALSE
	EndGlobalSection
	GlobalSection(ExtensibilityGlobals) = postSolution
		SolutionGuid = {5E6BB46B-4014-49CF-AEC9-51063BD1EF13}
	EndGlobalSection
EndGlobal
